
Microsoft Visual Studio Solution File, Format Version 12.00
# Visual Studio 15
VisualStudioVersion = 15.0.27130.2010
MinimumVisualStudioVersion = 10.0.40219.1
Project("{FAE04EC0-301F-11D3-BF4B-00C04F79EFBC}") = "MetN", "MetN\MetN.csproj", "{5A459F41-00DD-4A1D-B715-208437A94ABC}"
EndProject
Global
	GlobalSection(SolutionConfigurationPlatforms) = preSolution
		Debug|Any CPU = Debug|Any CPU
		Release|Any CPU = Release|Any CPU
	EndGlobalSection
	GlobalSection(ProjectConfigurationPlatforms) = postSolution
		{5A459F41-00DD-4A1D-B715-208437A94ABC}.Debug|Any CPU.ActiveCfg = Debug|Any CPU
		{5A459F41-00DD-4A1D-B715-208437A94ABC}.Debug|Any CPU.Build.0 = Debug|Any CPU
		{5A459F41-00DD-4A1D-B715-208437A94ABC}.Release|Any CPU.ActiveCfg = Release|Any CPU
		{5A459F41-00DD-4A1D-B715-208437A94ABC}.Release|Any CPU.Build.0 = Release|Any CPU
	EndGlobalSection
	GlobalSection(SolutionProperties) = preSolution
		HideSolutionNode = FALSE
	EndGlobalSection
	GlobalSection(ExtensibilityGlobals) = postSolution
		SolutionGuid = {0AAA5B49-7B40-4E2A-A95F-34484F8C1F1D}
	EndGlobalSection
EndGlobal
